Microsoft Visual Studio Solution File, Format Version 12.00
# Visual Studio Version 17
VisualStudioVersion = 17.5.2.0
MinimumVisualStudioVersion = 10.0.40219.1
Project("{FAE04EC0-301F-11D3-BF4B-00C04F79EFBC}") = "eStoreApi", "eStoreApi.csproj", "{2195BF5E-6FFF-5926-A0A9-9BE0E8D5CB43}"
EndProject
Global
	GlobalSection(SolutionConfigurationPlatforms) = preSolution
		Debug|Any CPU = Debug|Any CPU
		Release|Any CPU = Release|Any CPU
	EndGlobalSection
	GlobalSection(ProjectConfigurationPlatforms) = postSolution
		{2195BF5E-6FFF-5926-A0A9-9BE0E8D5CB43}.Debug|Any CPU.ActiveCfg = Debug|Any CPU
		{2195BF5E-6FFF-5926-A0A9-9BE0E8D5CB43}.Debug|Any CPU.Build.0 = Debug|Any CPU
		{2195BF5E-6FFF-5926-A0A9-9BE0E8D5CB43}.Release|Any CPU.ActiveCfg = Release|Any CPU
		{2195BF5E-6FFF-5926-A0A9-9BE0E8D5CB43}.Release|Any CPU.Build.0 = Release|Any CPU
	EndGlobalSection
	GlobalSection(SolutionProperties) = preSolution
		HideSolutionNode = FALSE
	EndGlobalSection
	GlobalSection(ExtensibilityGlobals) = postSolution
		SolutionGuid = {DC623D2B-7E5F-432F-ABBD-E044DFD4E181}
	EndGlobalSection
EndGlobal
