
Microsoft Visual Studio Solution File, Format Version 12.00
# Visual Studio Version 17
VisualStudioVersion = 17.13.35919.96 d17.13
MinimumVisualStudioVersion = 10.0.40219.1
Project("{FAE04EC0-301F-11D3-BF4B-00C04F79EFBC}") = "eStoreApi", "eStoreApi\eStoreApi.csproj", "{60CC4702-4264-4EBD-8BD2-D9D6893FCC36}"
EndProject
Global
	GlobalSection(SolutionConfigurationPlatforms) = preSolution
		Debug|Any CPU = Debug|Any CPU
		Release|Any CPU = Release|Any CPU
	EndGlobalSection
	GlobalSection(ProjectConfigurationPlatforms) = postSolution
		{60CC4702-4264-4EBD-8BD2-D9D6893FCC36}.Debug|Any CPU.ActiveCfg = Debug|Any CPU
		{60CC4702-4264-4EBD-8BD2-D9D6893FCC36}.Debug|Any CPU.Build.0 = Debug|Any CPU
		{60CC4702-4264-4EBD-8BD2-D9D6893FCC36}.Release|Any CPU.ActiveCfg = Release|Any CPU
		{60CC4702-4264-4EBD-8BD2-D9D6893FCC36}.Release|Any CPU.Build.0 = Release|Any CPU
	EndGlobalSection
	GlobalSection(SolutionProperties) = preSolution
		HideSolutionNode = FALSE
	EndGlobalSection
	GlobalSection(ExtensibilityGlobals) = postSolution
		SolutionGuid = {31EDC875-0119-4EAC-B393-228A1E18E603}
	EndGlobalSection
EndGlobal
