Microsoft Visual Studio Solution File, Format Version 12.00
# Visual Studio Version 17
VisualStudioVersion = 17.5.2.0
MinimumVisualStudioVersion = 10.0.40219.1
Project("{FAE04EC0-301F-11D3-BF4B-00C04F79EFBC}") = "eStoreApi", "eStoreApi\eStoreApi.csproj", "{0DC90091-2438-D1F2-F7FA-A372BE2DA352}"
EndProject
Global
	GlobalSection(SolutionConfigurationPlatforms) = preSolution
		Debug|Any CPU = Debug|Any CPU
		Release|Any CPU = Release|Any CPU
	EndGlobalSection
	GlobalSection(ProjectConfigurationPlatforms) = postSolution
		{0DC90091-2438-D1F2-F7FA-A372BE2DA352}.Debug|Any CPU.ActiveCfg = Debug|Any CPU
		{0DC90091-2438-D1F2-F7FA-A372BE2DA352}.Debug|Any CPU.Build.0 = Debug|Any CPU
		{0DC90091-2438-D1F2-F7FA-A372BE2DA352}.Release|Any CPU.ActiveCfg = Release|Any CPU
		{0DC90091-2438-D1F2-F7FA-A372BE2DA352}.Release|Any CPU.Build.0 = Release|Any CPU
	EndGlobalSection
	GlobalSection(SolutionProperties) = preSolution
		HideSolutionNode = FALSE
	EndGlobalSection
	GlobalSection(ExtensibilityGlobals) = postSolution
		SolutionGuid = {9E3CC303-049B-4701-BD6F-CDCA7AD95274}
	EndGlobalSection
EndGlobal
